
Microsoft Visual Studio Solution File, Format Version 12.00
# Visual Studio Version 16
VisualStudioVersion = 16.0.29503.13
MinimumVisualStudioVersion = 10.0.40219.1
Project("{FAE04EC0-301F-11D3-BF4B-00C04F79EFBC}") = "StickmanShankSimulator", "StickmanShankSimulator\StickmanShankSimulator.csproj", "{67CAD361-0B2D-48FA-A03C-9DDF06E552A2}"
EndProject
Global
	GlobalSection(SolutionConfigurationPlatforms) = preSolution
		Debug|Any CPU = Debug|Any CPU
		Release|Any CPU = Release|Any CPU
	EndGlobalSection
	GlobalSection(ProjectConfigurationPlatforms) = postSolution
		{67CAD361-0B2D-48FA-A03C-9DDF06E552A2}.Debug|Any CPU.ActiveCfg = Debug|Any CPU
		{67CAD361-0B2D-48FA-A03C-9DDF06E552A2}.Debug|Any CPU.Build.0 = Debug|Any CPU
		{67CAD361-0B2D-48FA-A03C-9DDF06E552A2}.Release|Any CPU.ActiveCfg = Release|Any CPU
		{67CAD361-0B2D-48FA-A03C-9DDF06E552A2}.Release|Any CPU.Build.0 = Release|Any CPU
	EndGlobalSection
	GlobalSection(SolutionProperties) = preSolution
		HideSolutionNode = FALSE
	EndGlobalSection
	GlobalSection(ExtensibilityGlobals) = postSolution
		SolutionGuid = {B8FAD2A4-8CA6-4A08-9FDA-A92FF8EA3745}
	EndGlobalSection
EndGlobal
